
Microsoft Visual Studio Solution File, Format Version 12.00
# Visual Studio Version 17
VisualStudioVersion = 17.5.33502.453
MinimumVisualStudioVersion = 10.0.40219.1
Project("{FAE04EC0-301F-11D3-BF4B-00C04F79EFBC}") = "CachingSample", "CachingSample\CachingSample.csproj", "{19DF99C0-6D93-43AB-BA56-E9130D53F659}"
EndProject
Global
	GlobalSection(SolutionConfigurationPlatforms) = preSolution
		Debug|Any CPU = Debug|Any CPU
		Release|Any CPU = Release|Any CPU
	EndGlobalSection
	GlobalSection(ProjectConfigurationPlatforms) = postSolution
		{19DF99C0-6D93-43AB-BA56-E9130D53F659}.Debug|Any CPU.ActiveCfg = Debug|Any CPU
		{19DF99C0-6D93-43AB-BA56-E9130D53F659}.Debug|Any CPU.Build.0 = Debug|Any CPU
		{19DF99C0-6D93-43AB-BA56-E9130D53F659}.Release|Any CPU.ActiveCfg = Release|Any CPU
		{19DF99C0-6D93-43AB-BA56-E9130D53F659}.Release|Any CPU.Build.0 = Release|Any CPU
	EndGlobalSection
	GlobalSection(SolutionProperties) = preSolution
		HideSolutionNode = FALSE
	EndGlobalSection
	GlobalSection(ExtensibilityGlobals) = postSolution
		SolutionGuid = {CE2CEC83-B2A1-43D3-BB62-E014C2C4BE25}
	EndGlobalSection
EndGlobal
